
Microsoft Visual Studio Solution File, Format Version 12.00
# Visual Studio Version 16
VisualStudioVersion = 16.0.33423.256
MinimumVisualStudioVersion = 10.0.40219.1
Project("{FAE04EC0-301F-11D3-BF4B-00C04F79EFBC}") = "Decryptor_app", "Decryptor_app\Decryptor_app.csproj", "{52439B21-7418-44BF-94CD-F3AEC183CC46}"
EndProject
Global
	GlobalSection(SolutionConfigurationPlatforms) = preSolution
		Debug|Any CPU = Debug|Any CPU
		Release|Any CPU = Release|Any CPU
	EndGlobalSection
	GlobalSection(ProjectConfigurationPlatforms) = postSolution
		{52439B21-7418-44BF-94CD-F3AEC183CC46}.Debug|Any CPU.ActiveCfg = Debug|Any CPU
		{52439B21-7418-44BF-94CD-F3AEC183CC46}.Debug|Any CPU.Build.0 = Debug|Any CPU
		{52439B21-7418-44BF-94CD-F3AEC183CC46}.Release|Any CPU.ActiveCfg = Release|Any CPU
		{52439B21-7418-44BF-94CD-F3AEC183CC46}.Release|Any CPU.Build.0 = Release|Any CPU
	EndGlobalSection
	GlobalSection(SolutionProperties) = preSolution
		HideSolutionNode = FALSE
	EndGlobalSection
	GlobalSection(ExtensibilityGlobals) = postSolution
		SolutionGuid = {81794B1B-B0AB-41C4-8EEB-1D0850786031}
	EndGlobalSection
EndGlobal
